
Microsoft Visual Studio Solution File, Format Version 12.00
# Visual Studio Version 16
VisualStudioVersion = 16.0.30907.101
MinimumVisualStudioVersion = 10.0.40219.1
Project("{FAE04EC0-301F-11D3-BF4B-00C04F79EFBC}") = "kertesius", "kertesius.csproj", "{BA4177DF-CF00-4BEA-9FDF-21E8502BB443}"
EndProject
Global
	GlobalSection(SolutionConfigurationPlatforms) = preSolution
		Debug|Any CPU = Debug|Any CPU
		Release|Any CPU = Release|Any CPU
	EndGlobalSection
	GlobalSection(ProjectConfigurationPlatforms) = postSolution
		{BA4177DF-CF00-4BEA-9FDF-21E8502BB443}.Debug|Any CPU.ActiveCfg = Debug|Any CPU
		{BA4177DF-CF00-4BEA-9FDF-21E8502BB443}.Debug|Any CPU.Build.0 = Debug|Any CPU
		{BA4177DF-CF00-4BEA-9FDF-21E8502BB443}.Release|Any CPU.ActiveCfg = Release|Any CPU
		{BA4177DF-CF00-4BEA-9FDF-21E8502BB443}.Release|Any CPU.Build.0 = Release|Any CPU
	EndGlobalSection
	GlobalSection(SolutionProperties) = preSolution
		HideSolutionNode = FALSE
	EndGlobalSection
	GlobalSection(ExtensibilityGlobals) = postSolution
		SolutionGuid = {D1D04B33-783D-4705-B6C0-0FA281425D62}
	EndGlobalSection
EndGlobal
